
Microsoft Visual Studio Solution File, Format Version 12.00
# Visual Studio Version 17
VisualStudioVersion = 17.5.33627.172
MinimumVisualStudioVersion = 10.0.40219.1
Project("{2150E333-8FDC-42A3-9474-1A3956D46DE8}") = "Doc", "Doc", "{66B47C7B-B923-4A37-9C10-6BFFC8B2C1D1}"
EndProject
Project("{2150E333-8FDC-42A3-9474-1A3956D46DE8}") = "Src", "Src", "{67AB9333-478A-48F7-9B14-B6CA5BFB02DE}"
EndProject
Project("{2150E333-8FDC-42A3-9474-1A3956D46DE8}") = "Test", "Test", "{531827E4-43B1-47DF-B7E5-5D592397A192}"
EndProject
Project("{2150E333-8FDC-42A3-9474-1A3956D46DE8}") = "Core", "Core", "{EE86A517-403E-408B-B756-D95F73C86272}"
EndProject
Project("{2150E333-8FDC-42A3-9474-1A3956D46DE8}") = "Infrastructure", "Infrastructure", "{E324DBEC-AC20-404A-96AF-87854A9DC659}"
EndProject
Project("{2150E333-8FDC-42A3-9474-1A3956D46DE8}") = "Presentation", "Presentation", "{BF2D497D-4B83-4A07-9227-16FD85E32D34}"
EndProject
Project("{2150E333-8FDC-42A3-9474-1A3956D46DE8}") = "Common", "Common", "{8CEA2CB2-70C1-499F-BC79-269BF4BE4276}"
EndProject
Project("{FAE04EC0-301F-11D3-BF4B-00C04F79EFBC}") = "Hyper_Store.Domain", "Hyper_Store.Domain\Hyper_Store.Domain.csproj", "{007594BF-BE77-4A45-94E5-5E207CE72B8F}"
EndProject
Project("{FAE04EC0-301F-11D3-BF4B-00C04F79EFBC}") = "Hyper_Store.Application", "Hyper_Store.Application\Hyper_Store.Application.csproj", "{C3CC8140-A714-459B-B103-0DEA90A5B166}"
EndProject
Project("{FAE04EC0-301F-11D3-BF4B-00C04F79EFBC}") = "Hyper_Store.Infrastructure", "Hyper_Store.Infrastructure\Hyper_Store.Infrastructure.csproj", "{5CF91530-378D-4CB5-B53C-4B5F3C419EC9}"
EndProject
Project("{FAE04EC0-301F-11D3-BF4B-00C04F79EFBC}") = "Hyper_Store.Persistance", "Hyper_Store.Persistance\Hyper_Store.Persistance.csproj", "{2A9D63E9-70DD-49A8-89F2-9EC8E2F63367}"
EndProject
Project("{FAE04EC0-301F-11D3-BF4B-00C04F79EFBC}") = "Hyper_Store.Common", "Hyper_Store.Common\Hyper_Store.Common.csproj", "{2353F303-E172-4561-9B5C-EC5A706BE357}"
EndProject
Project("{FAE04EC0-301F-11D3-BF4B-00C04F79EFBC}") = "EndPoint.Site", "EndPoint.Site\EndPoint.Site.csproj", "{A68E53CE-329C-4855-AF84-138F74C71451}"
EndProject
Global
	GlobalSection(SolutionConfigurationPlatforms) = preSolution
		Debug|Any CPU = Debug|Any CPU
		Release|Any CPU = Release|Any CPU
	EndGlobalSection
	GlobalSection(ProjectConfigurationPlatforms) = postSolution
		{007594BF-BE77-4A45-94E5-5E207CE72B8F}.Debug|Any CPU.ActiveCfg = Debug|Any CPU
		{007594BF-BE77-4A45-94E5-5E207CE72B8F}.Debug|Any CPU.Build.0 = Debug|Any CPU
		{007594BF-BE77-4A45-94E5-5E207CE72B8F}.Release|Any CPU.ActiveCfg = Release|Any CPU
		{007594BF-BE77-4A45-94E5-5E207CE72B8F}.Release|Any CPU.Build.0 = Release|Any CPU
		{C3CC8140-A714-459B-B103-0DEA90A5B166}.Debug|Any CPU.ActiveCfg = Debug|Any CPU
		{C3CC8140-A714-459B-B103-0DEA90A5B166}.Debug|Any CPU.Build.0 = Debug|Any CPU
		{C3CC8140-A714-459B-B103-0DEA90A5B166}.Release|Any CPU.ActiveCfg = Release|Any CPU
		{C3CC8140-A714-459B-B103-0DEA90A5B166}.Release|Any CPU.Build.0 = Release|Any CPU
		{5CF91530-378D-4CB5-B53C-4B5F3C419EC9}.Debug|Any CPU.ActiveCfg = Debug|Any CPU
		{5CF91530-378D-4CB5-B53C-4B5F3C419EC9}.Debug|Any CPU.Build.0 = Debug|Any CPU
		{5CF91530-378D-4CB5-B53C-4B5F3C419EC9}.Release|Any CPU.ActiveCfg = Release|Any CPU
		{5CF91530-378D-4CB5-B53C-4B5F3C419EC9}.Release|Any CPU.Build.0 = Release|Any CPU
		{2A9D63E9-70DD-49A8-89F2-9EC8E2F63367}.Debug|Any CPU.ActiveCfg = Debug|Any CPU
		{2A9D63E9-70DD-49A8-89F2-9EC8E2F63367}.Debug|Any CPU.Build.0 = Debug|Any CPU
		{2A9D63E9-70DD-49A8-89F2-9EC8E2F63367}.Release|Any CPU.ActiveCfg = Release|Any CPU
		{2A9D63E9-70DD-49A8-89F2-9EC8E2F63367}.Release|Any CPU.Build.0 = Release|Any CPU
		{2353F303-E172-4561-9B5C-EC5A706BE357}.Debug|Any CPU.ActiveCfg = Debug|Any CPU
		{2353F303-E172-4561-9B5C-EC5A706BE357}.Debug|Any CPU.Build.0 = Debug|Any CPU
		{2353F303-E172-4561-9B5C-EC5A706BE357}.Release|Any CPU.ActiveCfg = Release|Any CPU
		{2353F303-E172-4561-9B5C-EC5A706BE357}.Release|Any CPU.Build.0 = Release|Any CPU
		{A68E53CE-329C-4855-AF84-138F74C71451}.Debug|Any CPU.ActiveCfg = Debug|Any CPU
		{A68E53CE-329C-4855-AF84-138F74C71451}.Debug|Any CPU.Build.0 = Debug|Any CPU
		{A68E53CE-329C-4855-AF84-138F74C71451}.Release|Any CPU.ActiveCfg = Release|Any CPU
		{A68E53CE-329C-4855-AF84-138F74C71451}.Release|Any CPU.Build.0 = Release|Any CPU
	EndGlobalSection
	GlobalSection(SolutionProperties) = preSolution
		HideSolutionNode = FALSE
	EndGlobalSection
	GlobalSection(NestedProjects) = preSolution
		{EE86A517-403E-408B-B756-D95F73C86272} = {67AB9333-478A-48F7-9B14-B6CA5BFB02DE}
		{E324DBEC-AC20-404A-96AF-87854A9DC659} = {67AB9333-478A-48F7-9B14-B6CA5BFB02DE}
		{BF2D497D-4B83-4A07-9227-16FD85E32D34} = {67AB9333-478A-48F7-9B14-B6CA5BFB02DE}
		{8CEA2CB2-70C1-499F-BC79-269BF4BE4276} = {67AB9333-478A-48F7-9B14-B6CA5BFB02DE}
		{007594BF-BE77-4A45-94E5-5E207CE72B8F} = {EE86A517-403E-408B-B756-D95F73C86272}
		{C3CC8140-A714-459B-B103-0DEA90A5B166} = {EE86A517-403E-408B-B756-D95F73C86272}
		{5CF91530-378D-4CB5-B53C-4B5F3C419EC9} = {E324DBEC-AC20-404A-96AF-87854A9DC659}
		{2A9D63E9-70DD-49A8-89F2-9EC8E2F63367} = {E324DBEC-AC20-404A-96AF-87854A9DC659}
		{2353F303-E172-4561-9B5C-EC5A706BE357} = {8CEA2CB2-70C1-499F-BC79-269BF4BE4276}
		{A68E53CE-329C-4855-AF84-138F74C71451} = {BF2D497D-4B83-4A07-9227-16FD85E32D34}
	EndGlobalSection
	GlobalSection(ExtensibilityGlobals) = postSolution
		SolutionGuid = {1EA564F2-EEB9-4193-B82F-8DCFEC9C488B}
	EndGlobalSection
EndGlobal
